
Microsoft Visual Studio Solution File, Format Version 12.00
# Visual Studio Version 17
VisualStudioVersion = 17.0.31903.59
MinimumVisualStudioVersion = 10.0.40219.1
Project("{2150E333-8FDC-42A3-9474-1A3956D46DE8}") = "src", "src", "{4B0DE699-48B9-44F2-93E4-6F4577435CBD}"
EndProject
Project("{FAE04EC0-301F-11D3-BF4B-00C04F79EFBC}") = "WebApi.Domain", "src\WebApi.Domain\WebApi.Domain.csproj", "{85D5E96A-7F7F-4702-BADE-9BB417DEE5BD}"
EndProject
Project("{FAE04EC0-301F-11D3-BF4B-00C04F79EFBC}") = "WebApi.Application", "src\WebApi.Application\WebApi.Application.csproj", "{B211378D-AF46-4A17-BC7F-5AC07BC8F331}"
EndProject
Project("{FAE04EC0-301F-11D3-BF4B-00C04F79EFBC}") = "WebApi.Presentation", "src\WebApi.Presentation\WebApi.Presentation.csproj", "{3A2486FE-AD04-4548-A7FA-FB8EE402A209}"
EndProject
Global
	GlobalSection(SolutionProperties) = preSolution
		HideSolutionNode = FALSE
	EndGlobalSection
	GlobalSection(SolutionConfigurationPlatforms) = preSolution
		Debug|Any CPU = Debug|Any CPU
		Debug|x64 = Debug|x64
		Debug|x86 = Debug|x86
		Release|Any CPU = Release|Any CPU
		Release|x64 = Release|x64
		Release|x86 = Release|x86
	EndGlobalSection
	GlobalSection(ProjectConfigurationPlatforms) = postSolution
		{85D5E96A-7F7F-4702-BADE-9BB417DEE5BD}.Debug|Any CPU.ActiveCfg = Debug|Any CPU
		{85D5E96A-7F7F-4702-BADE-9BB417DEE5BD}.Debug|Any CPU.Build.0 = Debug|Any CPU
		{85D5E96A-7F7F-4702-BADE-9BB417DEE5BD}.Debug|x64.ActiveCfg = Debug|Any CPU
		{85D5E96A-7F7F-4702-BADE-9BB417DEE5BD}.Debug|x64.Build.0 = Debug|Any CPU
		{85D5E96A-7F7F-4702-BADE-9BB417DEE5BD}.Debug|x86.ActiveCfg = Debug|Any CPU
		{85D5E96A-7F7F-4702-BADE-9BB417DEE5BD}.Debug|x86.Build.0 = Debug|Any CPU
		{85D5E96A-7F7F-4702-BADE-9BB417DEE5BD}.Release|Any CPU.ActiveCfg = Release|Any CPU
		{85D5E96A-7F7F-4702-BADE-9BB417DEE5BD}.Release|Any CPU.Build.0 = Release|Any CPU
		{85D5E96A-7F7F-4702-BADE-9BB417DEE5BD}.Release|x64.ActiveCfg = Release|Any CPU
		{85D5E96A-7F7F-4702-BADE-9BB417DEE5BD}.Release|x64.Build.0 = Release|Any CPU
		{85D5E96A-7F7F-4702-BADE-9BB417DEE5BD}.Release|x86.ActiveCfg = Release|Any CPU
		{85D5E96A-7F7F-4702-BADE-9BB417DEE5BD}.Release|x86.Build.0 = Release|Any CPU
		{B211378D-AF46-4A17-BC7F-5AC07BC8F331}.Debug|Any CPU.ActiveCfg = Debug|Any CPU
		{B211378D-AF46-4A17-BC7F-5AC07BC8F331}.Debug|Any CPU.Build.0 = Debug|Any CPU
		{B211378D-AF46-4A17-BC7F-5AC07BC8F331}.Debug|x64.ActiveCfg = Debug|Any CPU
		{B211378D-AF46-4A17-BC7F-5AC07BC8F331}.Debug|x64.Build.0 = Debug|Any CPU
		{B211378D-AF46-4A17-BC7F-5AC07BC8F331}.Debug|x86.ActiveCfg = Debug|Any CPU
		{B211378D-AF46-4A17-BC7F-5AC07BC8F331}.Debug|x86.Build.0 = Debug|Any CPU
		{B211378D-AF46-4A17-BC7F-5AC07BC8F331}.Release|Any CPU.ActiveCfg = Release|Any CPU
		{B211378D-AF46-4A17-BC7F-5AC07BC8F331}.Release|Any CPU.Build.0 = Release|Any CPU
		{B211378D-AF46-4A17-BC7F-5AC07BC8F331}.Release|x64.ActiveCfg = Release|Any CPU
		{B211378D-AF46-4A17-BC7F-5AC07BC8F331}.Release|x64.Build.0 = Release|Any CPU
		{B211378D-AF46-4A17-BC7F-5AC07BC8F331}.Release|x86.ActiveCfg = Release|Any CPU
		{B211378D-AF46-4A17-BC7F-5AC07BC8F331}.Release|x86.Build.0 = Release|Any CPU
		{3A2486FE-AD04-4548-A7FA-FB8EE402A209}.Debug|Any CPU.ActiveCfg = Debug|Any CPU
		{3A2486FE-AD04-4548-A7FA-FB8EE402A209}.Debug|Any CPU.Build.0 = Debug|Any CPU
		{3A2486FE-AD04-4548-A7FA-FB8EE402A209}.Debug|x64.ActiveCfg = Debug|Any CPU
		{3A2486FE-AD04-4548-A7FA-FB8EE402A209}.Debug|x64.Build.0 = Debug|Any CPU
		{3A2486FE-AD04-4548-A7FA-FB8EE402A209}.Debug|x86.ActiveCfg = Debug|Any CPU
		{3A2486FE-AD04-4548-A7FA-FB8EE402A209}.Debug|x86.Build.0 = Debug|Any CPU
		{3A2486FE-AD04-4548-A7FA-FB8EE402A209}.Release|Any CPU.ActiveCfg = Release|Any CPU
		{3A2486FE-AD04-4548-A7FA-FB8EE402A209}.Release|Any CPU.Build.0 = Release|Any CPU
		{3A2486FE-AD04-4548-A7FA-FB8EE402A209}.Release|x64.ActiveCfg = Release|Any CPU
		{3A2486FE-AD04-4548-A7FA-FB8EE402A209}.Release|x64.Build.0 = Release|Any CPU
		{3A2486FE-AD04-4548-A7FA-FB8EE402A209}.Release|x86.ActiveCfg = Release|Any CPU
		{3A2486FE-AD04-4548-A7FA-FB8EE402A209}.Release|x86.Build.0 = Release|Any CPU
	EndGlobalSection
	GlobalSection(NestedProjects) = preSolution
		{85D5E96A-7F7F-4702-BADE-9BB417DEE5BD} = {4B0DE699-48B9-44F2-93E4-6F4577435CBD}
		{B211378D-AF46-4A17-BC7F-5AC07BC8F331} = {4B0DE699-48B9-44F2-93E4-6F4577435CBD}
		{3A2486FE-AD04-4548-A7FA-FB8EE402A209} = {4B0DE699-48B9-44F2-93E4-6F4577435CBD}
	EndGlobalSection
EndGlobal
